
Microsoft Visual Studio Solution File, Format Version 12.00
# Visual Studio Version 16
VisualStudioVersion = 16.0.30717.126
MinimumVisualStudioVersion = 10.0.40219.1
Project("{FAE04EC0-301F-11D3-BF4B-00C04F79EFBC}") = "Product.Data", "Product.Data\Product.Data.csproj", "{70A20552-FA8F-4957-BAAF-DB782BD395C2}"
EndProject
Project("{FAE04EC0-301F-11D3-BF4B-00C04F79EFBC}") = "Product.Model", "Product.Model\Product.Model.csproj", "{AF908D9D-7DBB-48B6-B5C1-418A50DF0CDE}"
EndProject
Project("{FAE04EC0-301F-11D3-BF4B-00C04F79EFBC}") = "Product.BL", "Product.BL\Product.BL.csproj", "{7FB165BA-8B83-42C3-BB67-A92E436101CD}"
EndProject
Project("{FAE04EC0-301F-11D3-BF4B-00C04F79EFBC}") = "Product.IBL", "Product.IBL\Product.IBL.csproj", "{17C9D462-8384-46DC-B610-3B2AAA4D447A}"
EndProject
Project("{FAE04EC0-301F-11D3-BF4B-00C04F79EFBC}") = "SendOfferMVCApp", "SendOfferMVCApp\SendOfferMVCApp.csproj", "{2AF0A3CF-48C6-4BF0-9409-A20F1B336139}"
EndProject
Global
	GlobalSection(SolutionConfigurationPlatforms) = preSolution
		Debug|Any CPU = Debug|Any CPU
		Release|Any CPU = Release|Any CPU
	EndGlobalSection
	GlobalSection(ProjectConfigurationPlatforms) = postSolution
		{70A20552-FA8F-4957-BAAF-DB782BD395C2}.Debug|Any CPU.ActiveCfg = Debug|Any CPU
		{70A20552-FA8F-4957-BAAF-DB782BD395C2}.Debug|Any CPU.Build.0 = Debug|Any CPU
		{70A20552-FA8F-4957-BAAF-DB782BD395C2}.Release|Any CPU.ActiveCfg = Release|Any CPU
		{70A20552-FA8F-4957-BAAF-DB782BD395C2}.Release|Any CPU.Build.0 = Release|Any CPU
		{AF908D9D-7DBB-48B6-B5C1-418A50DF0CDE}.Debug|Any CPU.ActiveCfg = Debug|Any CPU
		{AF908D9D-7DBB-48B6-B5C1-418A50DF0CDE}.Debug|Any CPU.Build.0 = Debug|Any CPU
		{AF908D9D-7DBB-48B6-B5C1-418A50DF0CDE}.Release|Any CPU.ActiveCfg = Release|Any CPU
		{AF908D9D-7DBB-48B6-B5C1-418A50DF0CDE}.Release|Any CPU.Build.0 = Release|Any CPU
		{7FB165BA-8B83-42C3-BB67-A92E436101CD}.Debug|Any CPU.ActiveCfg = Debug|Any CPU
		{7FB165BA-8B83-42C3-BB67-A92E436101CD}.Debug|Any CPU.Build.0 = Debug|Any CPU
		{7FB165BA-8B83-42C3-BB67-A92E436101CD}.Release|Any CPU.ActiveCfg = Release|Any CPU
		{7FB165BA-8B83-42C3-BB67-A92E436101CD}.Release|Any CPU.Build.0 = Release|Any CPU
		{17C9D462-8384-46DC-B610-3B2AAA4D447A}.Debug|Any CPU.ActiveCfg = Debug|Any CPU
		{17C9D462-8384-46DC-B610-3B2AAA4D447A}.Debug|Any CPU.Build.0 = Debug|Any CPU
		{17C9D462-8384-46DC-B610-3B2AAA4D447A}.Release|Any CPU.ActiveCfg = Release|Any CPU
		{17C9D462-8384-46DC-B610-3B2AAA4D447A}.Release|Any CPU.Build.0 = Release|Any CPU
		{2AF0A3CF-48C6-4BF0-9409-A20F1B336139}.Debug|Any CPU.ActiveCfg = Debug|Any CPU
		{2AF0A3CF-48C6-4BF0-9409-A20F1B336139}.Debug|Any CPU.Build.0 = Debug|Any CPU
		{2AF0A3CF-48C6-4BF0-9409-A20F1B336139}.Release|Any CPU.ActiveCfg = Release|Any CPU
		{2AF0A3CF-48C6-4BF0-9409-A20F1B336139}.Release|Any CPU.Build.0 = Release|Any CPU
	EndGlobalSection
	GlobalSection(SolutionProperties) = preSolution
		HideSolutionNode = FALSE
	EndGlobalSection
	GlobalSection(ExtensibilityGlobals) = postSolution
		SolutionGuid = {A1F03177-8A01-46CE-B07F-068D378634EA}
	EndGlobalSection
EndGlobal
